{
  "object": {
    "pins": [
      {
        "package": "Refresh",
        "repositoryURL": "https://github.com/wxxsw/Refresh",
        "state": {
          "branch": "master",
          "revision": "e3a1f1f5b9056000981d2a5cfade72b5d7ad8651",
          "version": null
        }
      },
      {
        "package": "VideoPlayer",
        "repositoryURL": "https://github.com/wxxsw/VideoPlayer",
        "state": {
          "branch": "master",
          "revision": "ba848b6b53bd513dacb098b08777bcfd960f4937",
          "version": null
        }
      }
    ]
  },
  "version": 1
}
